
Microsoft Visual Studio Solution File, Format Version 12.00
# Visual Studio Version 16
VisualStudioVersion = 16.0.31624.102
MinimumVisualStudioVersion = 10.0.40219.1
Project("{FAE04EC0-301F-11D3-BF4B-00C04F79EFBC}") = "MessageService", "MessageService\MessageService.csproj", "{28F3D878-6750-4650-8B7E-BF7FAF13E831}"
EndProject
Project("{9A19103F-16F7-4668-BE54-9A1E7A4F7556}") = "MessageService.Entities", "MessageService.Entities\MessageService.Entities.csproj", "{760D456C-D8AA-417A-B104-ECA2294B0110}"
EndProject
Project("{FAE04EC0-301F-11D3-BF4B-00C04F79EFBC}") = "MessageService.Contracts", "MessageService.Contracts\MessageService.Contracts.csproj", "{10989676-3421-47AF-B1C7-4C40624F2BC8}"
EndProject
Project("{FAE04EC0-301F-11D3-BF4B-00C04F79EFBC}") = "MessageService.Repository", "MessageService.Repository\MessageService.Repository.csproj", "{01A7E42D-6688-42DD-BB12-0464FF79893D}"
EndProject
Global
	GlobalSection(SolutionConfigurationPlatforms) = preSolution
		Debug|Any CPU = Debug|Any CPU
		Release|Any CPU = Release|Any CPU
	EndGlobalSection
	GlobalSection(ProjectConfigurationPlatforms) = postSolution
		{28F3D878-6750-4650-8B7E-BF7FAF13E831}.Debug|Any CPU.ActiveCfg = Debug|Any CPU
		{28F3D878-6750-4650-8B7E-BF7FAF13E831}.Debug|Any CPU.Build.0 = Debug|Any CPU
		{28F3D878-6750-4650-8B7E-BF7FAF13E831}.Release|Any CPU.ActiveCfg = Release|Any CPU
		{28F3D878-6750-4650-8B7E-BF7FAF13E831}.Release|Any CPU.Build.0 = Release|Any CPU
		{760D456C-D8AA-417A-B104-ECA2294B0110}.Debug|Any CPU.ActiveCfg = Debug|Any CPU
		{760D456C-D8AA-417A-B104-ECA2294B0110}.Debug|Any CPU.Build.0 = Debug|Any CPU
		{760D456C-D8AA-417A-B104-ECA2294B0110}.Release|Any CPU.ActiveCfg = Release|Any CPU
		{760D456C-D8AA-417A-B104-ECA2294B0110}.Release|Any CPU.Build.0 = Release|Any CPU
		{10989676-3421-47AF-B1C7-4C40624F2BC8}.Debug|Any CPU.ActiveCfg = Debug|Any CPU
		{10989676-3421-47AF-B1C7-4C40624F2BC8}.Debug|Any CPU.Build.0 = Debug|Any CPU
		{10989676-3421-47AF-B1C7-4C40624F2BC8}.Release|Any CPU.ActiveCfg = Release|Any CPU
		{10989676-3421-47AF-B1C7-4C40624F2BC8}.Release|Any CPU.Build.0 = Release|Any CPU
		{01A7E42D-6688-42DD-BB12-0464FF79893D}.Debug|Any CPU.ActiveCfg = Debug|Any CPU
		{01A7E42D-6688-42DD-BB12-0464FF79893D}.Debug|Any CPU.Build.0 = Debug|Any CPU
		{01A7E42D-6688-42DD-BB12-0464FF79893D}.Release|Any CPU.ActiveCfg = Release|Any CPU
		{01A7E42D-6688-42DD-BB12-0464FF79893D}.Release|Any CPU.Build.0 = Release|Any CPU
	EndGlobalSection
	GlobalSection(SolutionProperties) = preSolution
		HideSolutionNode = FALSE
	EndGlobalSection
	GlobalSection(ExtensibilityGlobals) = postSolution
		SolutionGuid = {54D217A5-28E6-4F59-B195-3BA4BEE6E259}
	EndGlobalSection
EndGlobal
